// !$*UTF8*$!
{
	archiveVersion = 1;
	classes = {
	};
	objectVersion = 50;
	objects = {

/* Begin PBXBuildFile section */
		BE0853082A017C3600DAB82F /* AppDelegate.swift in Sources */ = {isa = PBXBuildFile; fileRef = BE0853072A017C3600DAB82F /* AppDelegate.swift */; };
		BE08530A2A017C3600DAB82F /* SceneDelegate.swift in Sources */ = {isa = PBXBuildFile; fileRef = BE0853092A017C3600DAB82F /* SceneDelegate.swift */; };
		BE08530C2A017C3600DAB82F /* ViewController.swift in Sources */ = {isa = PBXBuildFile; fileRef = BE08530B2A017C3600DAB82F /* ViewController.swift */; };
		BE08530F2A017C3600DAB82F /* Main.storyboard in Resources */ = {isa = PBXBuildFile; fileRef = BE08530D2A017C3600DAB82F /* Main.storyboard */; };
		BE0853112A017C3F00DAB82F /* Assets.xcassets in Resources */ = {isa = PBXBuildFile; fileRef = BE0853102A017C3F00DAB82F /* Assets.xcassets */; };
		BE0853142A017C3F00DAB82F /* LaunchScreen.storyboard in Resources */ = {isa = PBXBuildFile; fileRef = BE0853122A017C3F00DAB82F /* LaunchScreen.storyboard */; };
		BE08531C2A017D8500DAB82F /* start.txt in Resources */ = {isa = PBXBuildFile; fileRef = BE08531B2A017D8500DAB82F /* start.txt */; };
/* End PBXBuildFile section */

/* Begin PBXFileReference section */
		BE0853042A017C3600DAB82F /* Project5_learning.app */ = {isa = PBXFileReference; explicitFileType = wrapper.application; includeInIndex = 0; path = Project5_learning.app; sourceTree = BUILT_PRODUCTS_DIR; };
		BE0853072A017C3600DAB82F /* AppDelegate.swift */ = {isa = PBXFileReference; lastKnownFileType = sourcecode.swift; path = AppDelegate.swift; sourceTree = "<group>"; };
		BE0853092A017C3600DAB82F /* SceneDelegate.swift */ = {isa = PBXFileReference; lastKnownFileType = sourcecode.swift; path = SceneDelegate.swift; sourceTree = "<group>"; };
		BE08530B2A017C3600DAB82F /* ViewController.swift */ = {isa = PBXFileReference; lastKnownFileType = sourcecode.swift; path = ViewController.swift; sourceTree = "<group>"; };
		BE08530E2A017C3600DAB82F /* Base */ = {isa = PBXFileReference; lastKnownFileType = file.storyboard; name = Base; path = Base.lproj/Main.storyboard; sourceTree = "<group>"; };
		BE0853102A017C3F00DAB82F /* Assets.xcassets */ = {isa = PBXFileReference; lastKnownFileType = folder.assetcatalog; path = Assets.xcassets; sourceTree = "<group>"; };
		BE0853132A017C3F00DAB82F /* Base */ = {isa = PBXFileReference; lastKnownFileType = file.storyboard; name = Base; path = Base.lproj/LaunchScreen.storyboard; sourceTree = "<group>"; };
		BE0853152A017C3F00DAB82F /* Info.plist */ = {isa = PBXFileReference; lastKnownFileType = text.plist.xml; path = Info.plist; sourceTree = "<group>"; };
		BE08531B2A017D8500DAB82F /* start.txt */ = {isa = PBXFileReference; fileEncoding = 4; lastKnownFileType = text; path = start.txt; sourceTree = "<group>"; };
/* End PBXFileReference section */

/* Begin PBXFrameworksBuildPhase section */
		BE0853012A017C3600DAB82F /* Frameworks */ = {
			isa = PBXFrameworksBuildPhase;
			buildActionMask = 2147483647;
			files = (
			);
			runOnlyForDeploymentPostprocessing = 0;
		};
/* End PBXFrameworksBuildPhase section */

/* Begin PBXGroup section */
		BE0852FB2A017C3600DAB82F = {
			isa = PBXGroup;
			children = (
				BE0853062A017C3600DAB82F /* Project5_learning */,
				BE0853052A017C3600DAB82F /* Products */,
			);
			sourceTree = "<group>";
		};
		BE0853052A017C3600DAB82F /* Products */ = {
			isa = PBXGroup;
			children = (
				BE0853042A017C3600DAB82F /* Project5_learning.app */,
			);
			name = Products;
			sourceTree = "<group>";
		};
		BE0853062A017C3600DAB82F /* Project5_learning */ = {
			isa = PBXGroup;
			children = (
				BE0853072A017C3600DAB82F /* AppDelegate.swift */,
				BE0853092A017C3600DAB82F /* SceneDelegate.swift */,
				BE08530B2A017C3600DAB82F /* ViewController.swift */,
				BE08530D2A017C3600DAB82F /* Main.storyboard */,
				BE0853102A017C3F00DAB82F /* Assets.xcassets */,
				BE0853122A017C3F00DAB82F /* LaunchScreen.storyboard */,
				BE0853152A017C3F00DAB82F /* Info.plist */,
				BE08531B2A017D8500DAB82F /* start.txt */,
			);
			path = Project5_learning;
			sourceTree = "<group>";
		};
/* End PBXGroup section */

/* Begin PBXNativeTarget section */
		BE0853032A017C3600DAB82F /* Project5_learning */ = {
			isa = PBXNativeTarget;
			buildConfigurationList = BE0853182A017C3F00DAB82F /* Build configuration list for PBXNativeTarget "Project5_learning" */;
			buildPhases = (
				BE0853002A017C3600DAB82F /* Sources */,
				BE0853012A017C3600DAB82F /* Frameworks */,
				BE0853022A017C3600DAB82F /* Resources */,
			);
			buildRules = (
			);
			dependencies = (
			);
			name = Project5_learning;
			productName = Project5_learning;
			productReference = BE0853042A017C3600DAB82F /* Project5_learning.app */;
			productType = "com.apple.product-type.application";
		};
/* End PBXNativeTarget section */

/* Begin PBXProject section */
		BE0852FC2A017C3600DAB82F /* Project object */ = {
			isa = PBXProject;
			attributes = {
				LastSwiftUpdateCheck = 1130;
				LastUpgradeCheck = 1130;
				ORGANIZATIONNAME = "Олег Наливайко";
				TargetAttributes = {
					BE0853032A017C3600DAB82F = {
						CreatedOnToolsVersion = 11.3.1;
					};
				};
			};
			buildConfigurationList = BE0852FF2A017C3600DAB82F /* Build configuration list for PBXProject "Project5_learning" */;
			compatibilityVersion = "Xcode 9.3";
			developmentRegion = en;
			hasScannedForEncodings = 0;
			knownRegions = (
				en,
				Base,
			);
			mainGroup = BE0852FB2A017C3600DAB82F;
			productRefGroup = BE0853052A017C3600DAB82F /* Products */;
			projectDirPath = "";
			projectRoot = "";
			targets = (
				BE0853032A017C3600DAB82F /* Project5_learning */,
			);
		};
/* End PBXProject section */

/* Begin PBXResourcesBuildPhase section */
		BE0853022A017C3600DAB82F /* Resources */ = {
			isa = PBXResourcesBuildPhase;
			buildActionMask = 2147483647;
			files = (
				BE0853142A017C3F00DAB82F /* LaunchScreen.storyboard in Resources */,
				BE08531C2A017D8500DAB82F /* start.txt in Resources */,
				BE0853112A017C3F00DAB82F /* Assets.xcassets in Resources */,
				BE08530F2A017C3600DAB82F /* Main.storyboard in Resources */,
			);
			runOnlyForDeploymentPostprocessing = 0;
		};
/* End PBXResourcesBuildPhase section */

/* Begin PBXSourcesBuildPhase section */
		BE0853002A017C3600DAB82F /* Sources */ = {
			isa = PBXSourcesBuildPhase;
			buildActionMask = 2147483647;
			files = (
				BE08530C2A017C3600DAB82F /* ViewController.swift in Sources */,
				BE0853082A017C3600DAB82F /* AppDelegate.swift in Sources */,
				BE08530A2A017C3600DAB82F /* SceneDelegate.swift in Sources */,
			);
			runOnlyForDeploymentPostprocessing = 0;
		};
/* End PBXSourcesBuildPhase section */

/* Begin PBXVariantGroup section */
		BE08530D2A017C3600DAB82F /* Main.storyboard */ = {
			isa = PBXVariantGroup;
			children = (
				BE08530E2A017C3600DAB82F /* Base */,
			);
			name = Main.storyboard;
			sourceTree = "<group>";
		};
		BE0853122A017C3F00DAB82F /* LaunchScreen.storyboard */ = {
			isa = PBXVariantGroup;
			children = (
				BE0853132A017C3F00DAB82F /* Base */,
			);
			name = LaunchScreen.storyboard;
			sourceTree = "<group>";
		};
/* End PBXVariantGroup section */

/* Begin XCBuildConfiguration section */
		BE0853162A017C3F00DAB82F /* Debug */ = {
			isa = XCBuildConfiguration;
			buildSettings = {
				ALWAYS_SEARCH_USER_PATHS = NO;
				CLANG_ANALYZER_NONNULL = YES;
				CLANG_ANALYZER_NUMBER_OBJECT_CONVERSION = YES_AGGRESSIVE;
				CLANG_CXX_LANGUAGE_STANDARD = "gnu++14";
				CLANG_CXX_LIBRARY = "libc++";
				CLANG_ENABLE_MODULES = YES;
				CLANG_ENABLE_OBJC_ARC = YES;
				CLANG_ENABLE_OBJC_WEAK = YES;
				CLANG_WARN_BLOCK_CAPTURE_AUTORELEASING = YES;
				CLANG_WARN_BOOL_CONVERSION = YES;
				CLANG_WARN_COMMA = YES;
				CLANG_WARN_CONSTANT_CONVERSION = YES;
				CLANG_WARN_DEPRECATED_OBJC_IMPLEMENTATIONS = YES;
				CLANG_WARN_DIRECT_OBJC_ISA_USAGE = YES_ERROR;
				CLANG_WARN_DOCUMENTATION_COMMENTS = YES;
				CLANG_WARN_EMPTY_BODY = YES;
				CLANG_WARN_ENUM_CONVERSION = YES;
				CLANG_WARN_INFINITE_RECURSION = YES;
				CLANG_WARN_INT_CONVERSION = YES;
				CLANG_WARN_NON_LITERAL_NULL_CONVERSION = YES;
				CLANG_WARN_OBJC_IMPLICIT_RETAIN_SELF = YES;
				CLANG_WARN_OBJC_LITERAL_CONVERSION = YES;
				CLANG_WARN_OBJC_ROOT_CLASS = YES_ERROR;
				CLANG_WARN_RANGE_LOOP_ANALYSIS = YES;
				CLANG_WARN_STRICT_PROTOTYPES = YES;
				CLANG_WARN_SUSPICIOUS_MOVE = YES;
				CLANG_WARN_UNGUARDED_AVAILABILITY = YES_AGGRESSIVE;
				CLANG_WARN_UNREACHABLE_CODE = YES;
				CLANG_WARN__DUPLICATE_METHOD_MATCH = YES;
				COPY_PHASE_STRIP = NO;
				DEBUG_INFORMATION_FORMAT = dwarf;
				ENABLE_STRICT_OBJC_MSGSEND = YES;
				ENABLE_TESTABILITY = YES;
				GCC_C_LANGUAGE_STANDARD = gnu11;
				GCC_DYNAMIC_NO_PIC = NO;
				GCC_NO_COMMON_BLOCKS = YES;
				GCC_OPTIMIZATION_LEVEL = 0;
				GCC_PREPROCESSOR_DEFINITIONS = (
					"DEBUG=1",
					"$(inherited)",
				);
				GCC_WARN_64_TO_32_BIT_CONVERSION = YES;
				GCC_WARN_ABOUT_RETURN_TYPE = YES_ERROR;
				GCC_WARN_UNDECLARED_SELECTOR = YES;
				GCC_WARN_UNINITIALIZED_AUTOS = YES_AGGRESSIVE;
				GCC_WARN_UNUSED_FUNCTION = YES;
				GCC_WARN_UNUSED_VARIABLE = YES;
				IPHONEOS_DEPLOYMENT_TARGET = 13.2;
				MTL_ENABLE_DEBUG_INFO = INCLUDE_SOURCE;
				MTL_FAST_MATH = YES;
				ONLY_ACTIVE_ARCH = YES;
				SDKROOT = iphoneos;
				SWIFT_ACTIVE_COMPILATION_CONDITIONS = DEBUG;
				SWIFT_OPTIMIZATION_LEVEL = "-Onone";
			};
			name = Debug;
		};
		BE0853172A017C3F00DAB82F /* Release */ = {
			isa = XCBuildConfiguration;
			buildSettings = {
				ALWAYS_SEARCH_USER_PATHS = NO;
				CLANG_ANALYZER_NONNULL = YES;
				CLANG_ANALYZER_NUMBER_OBJECT_CONVERSION = YES_AGGRESSIVE;
				CLANG_CXX_LANGUAGE_STANDARD = "gnu++14";
				CLANG_CXX_LIBRARY = "libc++";
				CLANG_ENABLE_MODULES = YES;
				CLANG_ENABLE_OBJC_ARC = YES;
				CLANG_ENABLE_OBJC_WEAK = YES;
				CLANG_WARN_BLOCK_CAPTURE_AUTORELEASING = YES;
				CLANG_WARN_BOOL_CONVERSION = YES;
				CLANG_WARN_COMMA = YES;
				CLANG_WARN_CONSTANT_CONVERSION = YES;
				CLANG_WARN_DEPRECATED_OBJC_IMPLEMENTATIONS = YES;
				CLANG_WARN_DIRECT_OBJC_ISA_USAGE = YES_ERROR;
				CLANG_WARN_DOCUMENTATION_COMMENTS = YES;
				CLANG_WARN_EMPTY_BODY = YES;
				CLANG_WARN_ENUM_CONVERSION = YES;
				CLANG_WARN_INFINITE_RECURSION = YES;
				CLANG_WARN_INT_CONVERSION = YES;
				CLANG_WARN_NON_LITERAL_NULL_CONVERSION = YES;
				CLANG_WARN_OBJC_IMPLICIT_RETAIN_SELF = YES;
				CLANG_WARN_OBJC_LITERAL_CONVERSION = YES;
				CLANG_WARN_OBJC_ROOT_CLASS = YES_ERROR;
				CLANG_WARN_RANGE_LOOP_ANALYSIS = YES;
				CLANG_WARN_STRICT_PROTOTYPES = YES;
				CLANG_WARN_SUSPICIOUS_MOVE = YES;
				CLANG_WARN_UNGUARDED_AVAILABILITY = YES_AGGRESSIVE;
				CLANG_WARN_UNREACHABLE_CODE = YES;
				CLANG_WARN__DUPLICATE_METHOD_MATCH = YES;
				COPY_PHASE_STRIP = NO;
				DEBUG_INFORMATION_FORMAT = "dwarf-with-dsym";
				ENABLE_NS_ASSERTIONS = NO;
				ENABLE_STRICT_OBJC_MSGSEND = YES;
				GCC_C_LANGUAGE_STANDARD = gnu11;
				GCC_NO_COMMON_BLOCKS = YES;
				GCC_WARN_64_TO_32_BIT_CONVERSION = YES;
				GCC_WARN_ABOUT_RETURN_TYPE = YES_ERROR;
				GCC_WARN_UNDECLARED_SELECTOR = YES;
				GCC_WARN_UNINITIALIZED_AUTOS = YES_AGGRESSIVE;
				GCC_WARN_UNUSED_FUNCTION = YES;
				GCC_WARN_UNUSED_VARIABLE = YES;
				IPHONEOS_DEPLOYMENT_TARGET = 13.2;
				MTL_ENABLE_DEBUG_INFO = NO;
				MTL_FAST_MATH = YES;
				SDKROOT = iphoneos;
				SWIFT_COMPILATION_MODE = wholemodule;
				SWIFT_OPTIMIZATION_LEVEL = "-O";
				VALIDATE_PRODUCT = YES;
			};
			name = Release;
		};
		BE0853192A017C3F00DAB82F /* Debug */ = {
			isa = XCBuildConfiguration;
			buildSettings = {
				ASSETCATALOG_COMPILER_APPICON_NAME = AppIcon;
				CODE_SIGN_STYLE = Automatic;
				INFOPLIST_FILE = Project5_learning/Info.plist;
				LD_RUNPATH_SEARCH_PATHS = (
					"$(inherited)",
					"@executable_path/Frameworks",
				);
				PRODUCT_BUNDLE_IDENTIFIER = "com.example.Project5-learning";
				PRODUCT_NAME = "$(TARGET_NAME)";
				SWIFT_VERSION = 5.0;
				TARGETED_DEVICE_FAMILY = "1,2";
			};
			name = Debug;
		};
		BE08531A2A017C3F00DAB82F /* Release */ = {
			isa = XCBuildConfiguration;
			buildSettings = {
				ASSETCATALOG_COMPILER_APPICON_NAME = AppIcon;
				CODE_SIGN_STYLE = Automatic;
				INFOPLIST_FILE = Project5_learning/Info.plist;
				LD_RUNPATH_SEARCH_PATHS = (
					"$(inherited)",
					"@executable_path/Frameworks",
				);
				PRODUCT_BUNDLE_IDENTIFIER = "com.example.Project5-learning";
				PRODUCT_NAME = "$(TARGET_NAME)";
				SWIFT_VERSION = 5.0;
				TARGETED_DEVICE_FAMILY = "1,2";
			};
			name = Release;
		};
/* End XCBuildConfiguration section */

/* Begin XCConfigurationList section */
		BE0852FF2A017C3600DAB82F /* Build configuration list for PBXProject "Project5_learning" */ = {
			isa = XCConfigurationList;
			buildConfigurations = (
				BE0853162A017C3F00DAB82F /* Debug */,
				BE0853172A017C3F00DAB82F /* Release */,
			);
			defaultConfigurationIsVisible = 0;
			defaultConfigurationName = Release;
		};
		BE0853182A017C3F00DAB82F /* Build configuration list for PBXNativeTarget "Project5_learning" */ = {
			isa = XCConfigurationList;
			buildConfigurations = (
				BE0853192A017C3F00DAB82F /* Debug */,
				BE08531A2A017C3F00DAB82F /* Release */,
			);
			defaultConfigurationIsVisible = 0;
			defaultConfigurationName = Release;
		};
/* End XCConfigurationList section */
	};
	rootObject = BE0852FC2A017C3600DAB82F /* Project object */;
}
