// !$*UTF8*$!
{
	archiveVersion = 1;
	classes = {
	};
	objectVersion = 50;
	objects = {

/* Begin PBXBuildFile section */
		BE4506BC29EEA464002BAEA3 /* DetailViewController.swift in Sources */ = {isa = PBXBuildFile; fileRef = BE4506BB29EEA464002BAEA3 /* DetailViewController.swift */; };
		BE540FC429EE9FD1002D7495 /* AppDelegate.swift in Sources */ = {isa = PBXBuildFile; fileRef = BE540FC329EE9FD1002D7495 /* AppDelegate.swift */; };
		BE540FC629EE9FD1002D7495 /* SceneDelegate.swift in Sources */ = {isa = PBXBuildFile; fileRef = BE540FC529EE9FD1002D7495 /* SceneDelegate.swift */; };
		BE540FC829EE9FD1002D7495 /* ViewController.swift in Sources */ = {isa = PBXBuildFile; fileRef = BE540FC729EE9FD1002D7495 /* ViewController.swift */; };
		BE540FCB29EE9FD1002D7495 /* Main.storyboard in Resources */ = {isa = PBXBuildFile; fileRef = BE540FC929EE9FD1002D7495 /* Main.storyboard */; };
		BE540FCD29EE9FD4002D7495 /* Assets.xcassets in Resources */ = {isa = PBXBuildFile; fileRef = BE540FCC29EE9FD4002D7495 /* Assets.xcassets */; };
		BE540FD029EE9FD4002D7495 /* LaunchScreen.storyboard in Resources */ = {isa = PBXBuildFile; fileRef = BE540FCE29EE9FD4002D7495 /* LaunchScreen.storyboard */; };
		BE540FEE29EE9FE7002D7495 /* spain@2x.png in Resources */ = {isa = PBXBuildFile; fileRef = BE540FD829EE9FE7002D7495 /* spain@2x.png */; };
		BE540FEF29EE9FE7002D7495 /* nigeria@2x.png in Resources */ = {isa = PBXBuildFile; fileRef = BE540FD929EE9FE7002D7495 /* nigeria@2x.png */; };
		BE540FF029EE9FE7002D7495 /* nigeria@3x.png in Resources */ = {isa = PBXBuildFile; fileRef = BE540FDA29EE9FE7002D7495 /* nigeria@3x.png */; };
		BE540FF129EE9FE7002D7495 /* spain@3x.png in Resources */ = {isa = PBXBuildFile; fileRef = BE540FDB29EE9FE7002D7495 /* spain@3x.png */; };
		BE540FF229EE9FE7002D7495 /* italy@3x.png in Resources */ = {isa = PBXBuildFile; fileRef = BE540FDC29EE9FE7002D7495 /* italy@3x.png */; };
		BE540FF329EE9FE7002D7495 /* ireland@2x.png in Resources */ = {isa = PBXBuildFile; fileRef = BE540FDD29EE9FE7002D7495 /* ireland@2x.png */; };
		BE540FF429EE9FE7002D7495 /* germany@3x.png in Resources */ = {isa = PBXBuildFile; fileRef = BE540FDE29EE9FE7002D7495 /* germany@3x.png */; };
		BE540FF529EE9FE7002D7495 /* germany@2x.png in Resources */ = {isa = PBXBuildFile; fileRef = BE540FDF29EE9FE7002D7495 /* germany@2x.png */; };
		BE540FF629EE9FE7002D7495 /* ireland@3x.png in Resources */ = {isa = PBXBuildFile; fileRef = BE540FE029EE9FE7002D7495 /* ireland@3x.png */; };
		BE540FF729EE9FE7002D7495 /* italy@2x.png in Resources */ = {isa = PBXBuildFile; fileRef = BE540FE129EE9FE7002D7495 /* italy@2x.png */; };
		BE540FF829EE9FE7002D7495 /* poland@2x.png in Resources */ = {isa = PBXBuildFile; fileRef = BE540FE229EE9FE7002D7495 /* poland@2x.png */; };
		BE540FF929EE9FE7002D7495 /* estonia@2x.png in Resources */ = {isa = PBXBuildFile; fileRef = BE540FE329EE9FE7002D7495 /* estonia@2x.png */; };
		BE540FFA29EE9FE7002D7495 /* estonia@3x.png in Resources */ = {isa = PBXBuildFile; fileRef = BE540FE429EE9FE7002D7495 /* estonia@3x.png */; };
		BE540FFB29EE9FE7002D7495 /* poland@3x.png in Resources */ = {isa = PBXBuildFile; fileRef = BE540FE529EE9FE7002D7495 /* poland@3x.png */; };
		BE540FFC29EE9FE7002D7495 /* uk@3x.png in Resources */ = {isa = PBXBuildFile; fileRef = BE540FE629EE9FE7002D7495 /* uk@3x.png */; };
		BE540FFD29EE9FE7002D7495 /* us@3x.png in Resources */ = {isa = PBXBuildFile; fileRef = BE540FE729EE9FE7002D7495 /* us@3x.png */; };
		BE540FFE29EE9FE7002D7495 /* france@3x.png in Resources */ = {isa = PBXBuildFile; fileRef = BE540FE829EE9FE7002D7495 /* france@3x.png */; };
		BE540FFF29EE9FE7002D7495 /* monaco@2x.png in Resources */ = {isa = PBXBuildFile; fileRef = BE540FE929EE9FE7002D7495 /* monaco@2x.png */; };
		BE54100029EE9FE7002D7495 /* monaco@3x.png in Resources */ = {isa = PBXBuildFile; fileRef = BE540FEA29EE9FE7002D7495 /* monaco@3x.png */; };
		BE54100129EE9FE7002D7495 /* france@2x.png in Resources */ = {isa = PBXBuildFile; fileRef = BE540FEB29EE9FE7002D7495 /* france@2x.png */; };
		BE54100229EE9FE7002D7495 /* us@2x.png in Resources */ = {isa = PBXBuildFile; fileRef = BE540FEC29EE9FE7002D7495 /* us@2x.png */; };
		BE54100329EE9FE7002D7495 /* uk@2x.png in Resources */ = {isa = PBXBuildFile; fileRef = BE540FED29EE9FE7002D7495 /* uk@2x.png */; };
/* End PBXBuildFile section */

/* Begin PBXFileReference section */
		BE4506BB29EEA464002BAEA3 /* DetailViewController.swift */ = {isa = PBXFileReference; lastKnownFileType = sourcecode.swift; path = DetailViewController.swift; sourceTree = "<group>"; };
		BE540FC029EE9FD1002D7495 /* Challenge 1 revision.app */ = {isa = PBXFileReference; explicitFileType = wrapper.application; includeInIndex = 0; path = "Challenge 1 revision.app"; sourceTree = BUILT_PRODUCTS_DIR; };
		BE540FC329EE9FD1002D7495 /* AppDelegate.swift */ = {isa = PBXFileReference; lastKnownFileType = sourcecode.swift; path = AppDelegate.swift; sourceTree = "<group>"; };
		BE540FC529EE9FD1002D7495 /* SceneDelegate.swift */ = {isa = PBXFileReference; lastKnownFileType = sourcecode.swift; path = SceneDelegate.swift; sourceTree = "<group>"; };
		BE540FC729EE9FD1002D7495 /* ViewController.swift */ = {isa = PBXFileReference; lastKnownFileType = sourcecode.swift; path = ViewController.swift; sourceTree = "<group>"; };
		BE540FCA29EE9FD1002D7495 /* Base */ = {isa = PBXFileReference; lastKnownFileType = file.storyboard; name = Base; path = Base.lproj/Main.storyboard; sourceTree = "<group>"; };
		BE540FCC29EE9FD4002D7495 /* Assets.xcassets */ = {isa = PBXFileReference; lastKnownFileType = folder.assetcatalog; path = Assets.xcassets; sourceTree = "<group>"; };
		BE540FCF29EE9FD4002D7495 /* Base */ = {isa = PBXFileReference; lastKnownFileType = file.storyboard; name = Base; path = Base.lproj/LaunchScreen.storyboard; sourceTree = "<group>"; };
		BE540FD129EE9FD4002D7495 /* Info.plist */ = {isa = PBXFileReference; lastKnownFileType = text.plist.xml; path = Info.plist; sourceTree = "<group>"; };
		BE540FD829EE9FE7002D7495 /* spain@2x.png */ = {isa = PBXFileReference; lastKnownFileType = image.png; path = "spain@2x.png"; sourceTree = "<group>"; };
		BE540FD929EE9FE7002D7495 /* nigeria@2x.png */ = {isa = PBXFileReference; lastKnownFileType = image.png; path = "nigeria@2x.png"; sourceTree = "<group>"; };
		BE540FDA29EE9FE7002D7495 /* nigeria@3x.png */ = {isa = PBXFileReference; lastKnownFileType = image.png; path = "nigeria@3x.png"; sourceTree = "<group>"; };
		BE540FDB29EE9FE7002D7495 /* spain@3x.png */ = {isa = PBXFileReference; lastKnownFileType = image.png; path = "spain@3x.png"; sourceTree = "<group>"; };
		BE540FDC29EE9FE7002D7495 /* italy@3x.png */ = {isa = PBXFileReference; lastKnownFileType = image.png; path = "italy@3x.png"; sourceTree = "<group>"; };
		BE540FDD29EE9FE7002D7495 /* ireland@2x.png */ = {isa = PBXFileReference; lastKnownFileType = image.png; path = "ireland@2x.png"; sourceTree = "<group>"; };
		BE540FDE29EE9FE7002D7495 /* germany@3x.png */ = {isa = PBXFileReference; lastKnownFileType = image.png; path = "germany@3x.png"; sourceTree = "<group>"; };
		BE540FDF29EE9FE7002D7495 /* germany@2x.png */ = {isa = PBXFileReference; lastKnownFileType = image.png; path = "germany@2x.png"; sourceTree = "<group>"; };
		BE540FE029EE9FE7002D7495 /* ireland@3x.png */ = {isa = PBXFileReference; lastKnownFileType = image.png; path = "ireland@3x.png"; sourceTree = "<group>"; };
		BE540FE129EE9FE7002D7495 /* italy@2x.png */ = {isa = PBXFileReference; lastKnownFileType = image.png; path = "italy@2x.png"; sourceTree = "<group>"; };
		BE540FE229EE9FE7002D7495 /* poland@2x.png */ = {isa = PBXFileReference; lastKnownFileType = image.png; path = "poland@2x.png"; sourceTree = "<group>"; };
		BE540FE329EE9FE7002D7495 /* estonia@2x.png */ = {isa = PBXFileReference; lastKnownFileType = image.png; path = "estonia@2x.png"; sourceTree = "<group>"; };
		BE540FE429EE9FE7002D7495 /* estonia@3x.png */ = {isa = PBXFileReference; lastKnownFileType = image.png; path = "estonia@3x.png"; sourceTree = "<group>"; };
		BE540FE529EE9FE7002D7495 /* poland@3x.png */ = {isa = PBXFileReference; lastKnownFileType = image.png; path = "poland@3x.png"; sourceTree = "<group>"; };
		BE540FE629EE9FE7002D7495 /* uk@3x.png */ = {isa = PBXFileReference; lastKnownFileType = image.png; path = "uk@3x.png"; sourceTree = "<group>"; };
		BE540FE729EE9FE7002D7495 /* us@3x.png */ = {isa = PBXFileReference; lastKnownFileType = image.png; path = "us@3x.png"; sourceTree = "<group>"; };
		BE540FE829EE9FE7002D7495 /* france@3x.png */ = {isa = PBXFileReference; lastKnownFileType = image.png; path = "france@3x.png"; sourceTree = "<group>"; };
		BE540FE929EE9FE7002D7495 /* monaco@2x.png */ = {isa = PBXFileReference; lastKnownFileType = image.png; path = "monaco@2x.png"; sourceTree = "<group>"; };
		BE540FEA29EE9FE7002D7495 /* monaco@3x.png */ = {isa = PBXFileReference; lastKnownFileType = image.png; path = "monaco@3x.png"; sourceTree = "<group>"; };
		BE540FEB29EE9FE7002D7495 /* france@2x.png */ = {isa = PBXFileReference; lastKnownFileType = image.png; path = "france@2x.png"; sourceTree = "<group>"; };
		BE540FEC29EE9FE7002D7495 /* us@2x.png */ = {isa = PBXFileReference; lastKnownFileType = image.png; path = "us@2x.png"; sourceTree = "<group>"; };
		BE540FED29EE9FE7002D7495 /* uk@2x.png */ = {isa = PBXFileReference; lastKnownFileType = image.png; path = "uk@2x.png"; sourceTree = "<group>"; };
/* End PBXFileReference section */

/* Begin PBXFrameworksBuildPhase section */
		BE540FBD29EE9FD1002D7495 /* Frameworks */ = {
			isa = PBXFrameworksBuildPhase;
			buildActionMask = 2147483647;
			files = (
			);
			runOnlyForDeploymentPostprocessing = 0;
		};
/* End PBXFrameworksBuildPhase section */

/* Begin PBXGroup section */
		BE540FB729EE9FD1002D7495 = {
			isa = PBXGroup;
			children = (
				BE540FC229EE9FD1002D7495 /* Challenge 1 revision */,
				BE540FC129EE9FD1002D7495 /* Products */,
			);
			sourceTree = "<group>";
		};
		BE540FC129EE9FD1002D7495 /* Products */ = {
			isa = PBXGroup;
			children = (
				BE540FC029EE9FD1002D7495 /* Challenge 1 revision.app */,
			);
			name = Products;
			sourceTree = "<group>";
		};
		BE540FC229EE9FD1002D7495 /* Challenge 1 revision */ = {
			isa = PBXGroup;
			children = (
				BE540FC329EE9FD1002D7495 /* AppDelegate.swift */,
				BE540FC529EE9FD1002D7495 /* SceneDelegate.swift */,
				BE540FC729EE9FD1002D7495 /* ViewController.swift */,
				BE4506BB29EEA464002BAEA3 /* DetailViewController.swift */,
				BE540FC929EE9FD1002D7495 /* Main.storyboard */,
				BE540FCC29EE9FD4002D7495 /* Assets.xcassets */,
				BE540FCE29EE9FD4002D7495 /* LaunchScreen.storyboard */,
				BE540FD129EE9FD4002D7495 /* Info.plist */,
				BE540FD729EE9FE7002D7495 /* Content */,
			);
			path = "Challenge 1 revision";
			sourceTree = "<group>";
		};
		BE540FD729EE9FE7002D7495 /* Content */ = {
			isa = PBXGroup;
			children = (
				BE540FD829EE9FE7002D7495 /* spain@2x.png */,
				BE540FD929EE9FE7002D7495 /* nigeria@2x.png */,
				BE540FDA29EE9FE7002D7495 /* nigeria@3x.png */,
				BE540FDB29EE9FE7002D7495 /* spain@3x.png */,
				BE540FDC29EE9FE7002D7495 /* italy@3x.png */,
				BE540FDD29EE9FE7002D7495 /* ireland@2x.png */,
				BE540FDE29EE9FE7002D7495 /* germany@3x.png */,
				BE540FDF29EE9FE7002D7495 /* germany@2x.png */,
				BE540FE029EE9FE7002D7495 /* ireland@3x.png */,
				BE540FE129EE9FE7002D7495 /* italy@2x.png */,
				BE540FE229EE9FE7002D7495 /* poland@2x.png */,
				BE540FE329EE9FE7002D7495 /* estonia@2x.png */,
				BE540FE429EE9FE7002D7495 /* estonia@3x.png */,
				BE540FE529EE9FE7002D7495 /* poland@3x.png */,
				BE540FE629EE9FE7002D7495 /* uk@3x.png */,
				BE540FE729EE9FE7002D7495 /* us@3x.png */,
				BE540FE829EE9FE7002D7495 /* france@3x.png */,
				BE540FE929EE9FE7002D7495 /* monaco@2x.png */,
				BE540FEA29EE9FE7002D7495 /* monaco@3x.png */,
				BE540FEB29EE9FE7002D7495 /* france@2x.png */,
				BE540FEC29EE9FE7002D7495 /* us@2x.png */,
				BE540FED29EE9FE7002D7495 /* uk@2x.png */,
			);
			path = Content;
			sourceTree = "<group>";
		};
/* End PBXGroup section */

/* Begin PBXNativeTarget section */
		BE540FBF29EE9FD1002D7495 /* Challenge 1 revision */ = {
			isa = PBXNativeTarget;
			buildConfigurationList = BE540FD429EE9FD4002D7495 /* Build configuration list for PBXNativeTarget "Challenge 1 revision" */;
			buildPhases = (
				BE540FBC29EE9FD1002D7495 /* Sources */,
				BE540FBD29EE9FD1002D7495 /* Frameworks */,
				BE540FBE29EE9FD1002D7495 /* Resources */,
			);
			buildRules = (
			);
			dependencies = (
			);
			name = "Challenge 1 revision";
			productName = "Challenge 1 revision";
			productReference = BE540FC029EE9FD1002D7495 /* Challenge 1 revision.app */;
			productType = "com.apple.product-type.application";
		};
/* End PBXNativeTarget section */

/* Begin PBXProject section */
		BE540FB829EE9FD1002D7495 /* Project object */ = {
			isa = PBXProject;
			attributes = {
				LastSwiftUpdateCheck = 1130;
				LastUpgradeCheck = 1130;
				ORGANIZATIONNAME = "Олег Наливайко";
				TargetAttributes = {
					BE540FBF29EE9FD1002D7495 = {
						CreatedOnToolsVersion = 11.3.1;
					};
				};
			};
			buildConfigurationList = BE540FBB29EE9FD1002D7495 /* Build configuration list for PBXProject "Challenge 1 revision" */;
			compatibilityVersion = "Xcode 9.3";
			developmentRegion = en;
			hasScannedForEncodings = 0;
			knownRegions = (
				en,
				Base,
			);
			mainGroup = BE540FB729EE9FD1002D7495;
			productRefGroup = BE540FC129EE9FD1002D7495 /* Products */;
			projectDirPath = "";
			projectRoot = "";
			targets = (
				BE540FBF29EE9FD1002D7495 /* Challenge 1 revision */,
			);
		};
/* End PBXProject section */

/* Begin PBXResourcesBuildPhase section */
		BE540FBE29EE9FD1002D7495 /* Resources */ = {
			isa = PBXResourcesBuildPhase;
			buildActionMask = 2147483647;
			files = (
				BE540FFD29EE9FE7002D7495 /* us@3x.png in Resources */,
				BE540FEF29EE9FE7002D7495 /* nigeria@2x.png in Resources */,
				BE540FF029EE9FE7002D7495 /* nigeria@3x.png in Resources */,
				BE540FFF29EE9FE7002D7495 /* monaco@2x.png in Resources */,
				BE540FF729EE9FE7002D7495 /* italy@2x.png in Resources */,
				BE540FEE29EE9FE7002D7495 /* spain@2x.png in Resources */,
				BE54100229EE9FE7002D7495 /* us@2x.png in Resources */,
				BE540FF429EE9FE7002D7495 /* germany@3x.png in Resources */,
				BE540FD029EE9FD4002D7495 /* LaunchScreen.storyboard in Resources */,
				BE54100029EE9FE7002D7495 /* monaco@3x.png in Resources */,
				BE540FF829EE9FE7002D7495 /* poland@2x.png in Resources */,
				BE540FCD29EE9FD4002D7495 /* Assets.xcassets in Resources */,
				BE540FF229EE9FE7002D7495 /* italy@3x.png in Resources */,
				BE54100329EE9FE7002D7495 /* uk@2x.png in Resources */,
				BE540FFE29EE9FE7002D7495 /* france@3x.png in Resources */,
				BE540FCB29EE9FD1002D7495 /* Main.storyboard in Resources */,
				BE540FFB29EE9FE7002D7495 /* poland@3x.png in Resources */,
				BE540FF929EE9FE7002D7495 /* estonia@2x.png in Resources */,
				BE540FF329EE9FE7002D7495 /* ireland@2x.png in Resources */,
				BE540FF529EE9FE7002D7495 /* germany@2x.png in Resources */,
				BE540FF129EE9FE7002D7495 /* spain@3x.png in Resources */,
				BE54100129EE9FE7002D7495 /* france@2x.png in Resources */,
				BE540FFC29EE9FE7002D7495 /* uk@3x.png in Resources */,
				BE540FF629EE9FE7002D7495 /* ireland@3x.png in Resources */,
				BE540FFA29EE9FE7002D7495 /* estonia@3x.png in Resources */,
			);
			runOnlyForDeploymentPostprocessing = 0;
		};
/* End PBXResourcesBuildPhase section */

/* Begin PBXSourcesBuildPhase section */
		BE540FBC29EE9FD1002D7495 /* Sources */ = {
			isa = PBXSourcesBuildPhase;
			buildActionMask = 2147483647;
			files = (
				BE540FC829EE9FD1002D7495 /* ViewController.swift in Sources */,
				BE540FC429EE9FD1002D7495 /* AppDelegate.swift in Sources */,
				BE540FC629EE9FD1002D7495 /* SceneDelegate.swift in Sources */,
				BE4506BC29EEA464002BAEA3 /* DetailViewController.swift in Sources */,
			);
			runOnlyForDeploymentPostprocessing = 0;
		};
/* End PBXSourcesBuildPhase section */

/* Begin PBXVariantGroup section */
		BE540FC929EE9FD1002D7495 /* Main.storyboard */ = {
			isa = PBXVariantGroup;
			children = (
				BE540FCA29EE9FD1002D7495 /* Base */,
			);
			name = Main.storyboard;
			sourceTree = "<group>";
		};
		BE540FCE29EE9FD4002D7495 /* LaunchScreen.storyboard */ = {
			isa = PBXVariantGroup;
			children = (
				BE540FCF29EE9FD4002D7495 /* Base */,
			);
			name = LaunchScreen.storyboard;
			sourceTree = "<group>";
		};
/* End PBXVariantGroup section */

/* Begin XCBuildConfiguration section */
		BE540FD229EE9FD4002D7495 /* Debug */ = {
			isa = XCBuildConfiguration;
			buildSettings = {
				ALWAYS_SEARCH_USER_PATHS = NO;
				CLANG_ANALYZER_NONNULL = YES;
				CLANG_ANALYZER_NUMBER_OBJECT_CONVERSION = YES_AGGRESSIVE;
				CLANG_CXX_LANGUAGE_STANDARD = "gnu++14";
				CLANG_CXX_LIBRARY = "libc++";
				CLANG_ENABLE_MODULES = YES;
				CLANG_ENABLE_OBJC_ARC = YES;
				CLANG_ENABLE_OBJC_WEAK = YES;
				CLANG_WARN_BLOCK_CAPTURE_AUTORELEASING = YES;
				CLANG_WARN_BOOL_CONVERSION = YES;
				CLANG_WARN_COMMA = YES;
				CLANG_WARN_CONSTANT_CONVERSION = YES;
				CLANG_WARN_DEPRECATED_OBJC_IMPLEMENTATIONS = YES;
				CLANG_WARN_DIRECT_OBJC_ISA_USAGE = YES_ERROR;
				CLANG_WARN_DOCUMENTATION_COMMENTS = YES;
				CLANG_WARN_EMPTY_BODY = YES;
				CLANG_WARN_ENUM_CONVERSION = YES;
				CLANG_WARN_INFINITE_RECURSION = YES;
				CLANG_WARN_INT_CONVERSION = YES;
				CLANG_WARN_NON_LITERAL_NULL_CONVERSION = YES;
				CLANG_WARN_OBJC_IMPLICIT_RETAIN_SELF = YES;
				CLANG_WARN_OBJC_LITERAL_CONVERSION = YES;
				CLANG_WARN_OBJC_ROOT_CLASS = YES_ERROR;
				CLANG_WARN_RANGE_LOOP_ANALYSIS = YES;
				CLANG_WARN_STRICT_PROTOTYPES = YES;
				CLANG_WARN_SUSPICIOUS_MOVE = YES;
				CLANG_WARN_UNGUARDED_AVAILABILITY = YES_AGGRESSIVE;
				CLANG_WARN_UNREACHABLE_CODE = YES;
				CLANG_WARN__DUPLICATE_METHOD_MATCH = YES;
				COPY_PHASE_STRIP = NO;
				DEBUG_INFORMATION_FORMAT = dwarf;
				ENABLE_STRICT_OBJC_MSGSEND = YES;
				ENABLE_TESTABILITY = YES;
				GCC_C_LANGUAGE_STANDARD = gnu11;
				GCC_DYNAMIC_NO_PIC = NO;
				GCC_NO_COMMON_BLOCKS = YES;
				GCC_OPTIMIZATION_LEVEL = 0;
				GCC_PREPROCESSOR_DEFINITIONS = (
					"DEBUG=1",
					"$(inherited)",
				);
				GCC_WARN_64_TO_32_BIT_CONVERSION = YES;
				GCC_WARN_ABOUT_RETURN_TYPE = YES_ERROR;
				GCC_WARN_UNDECLARED_SELECTOR = YES;
				GCC_WARN_UNINITIALIZED_AUTOS = YES_AGGRESSIVE;
				GCC_WARN_UNUSED_FUNCTION = YES;
				GCC_WARN_UNUSED_VARIABLE = YES;
				IPHONEOS_DEPLOYMENT_TARGET = 13.2;
				MTL_ENABLE_DEBUG_INFO = INCLUDE_SOURCE;
				MTL_FAST_MATH = YES;
				ONLY_ACTIVE_ARCH = YES;
				SDKROOT = iphoneos;
				SWIFT_ACTIVE_COMPILATION_CONDITIONS = DEBUG;
				SWIFT_OPTIMIZATION_LEVEL = "-Onone";
			};
			name = Debug;
		};
		BE540FD329EE9FD4002D7495 /* Release */ = {
			isa = XCBuildConfiguration;
			buildSettings = {
				ALWAYS_SEARCH_USER_PATHS = NO;
				CLANG_ANALYZER_NONNULL = YES;
				CLANG_ANALYZER_NUMBER_OBJECT_CONVERSION = YES_AGGRESSIVE;
				CLANG_CXX_LANGUAGE_STANDARD = "gnu++14";
				CLANG_CXX_LIBRARY = "libc++";
				CLANG_ENABLE_MODULES = YES;
				CLANG_ENABLE_OBJC_ARC = YES;
				CLANG_ENABLE_OBJC_WEAK = YES;
				CLANG_WARN_BLOCK_CAPTURE_AUTORELEASING = YES;
				CLANG_WARN_BOOL_CONVERSION = YES;
				CLANG_WARN_COMMA = YES;
				CLANG_WARN_CONSTANT_CONVERSION = YES;
				CLANG_WARN_DEPRECATED_OBJC_IMPLEMENTATIONS = YES;
				CLANG_WARN_DIRECT_OBJC_ISA_USAGE = YES_ERROR;
				CLANG_WARN_DOCUMENTATION_COMMENTS = YES;
				CLANG_WARN_EMPTY_BODY = YES;
				CLANG_WARN_ENUM_CONVERSION = YES;
				CLANG_WARN_INFINITE_RECURSION = YES;
				CLANG_WARN_INT_CONVERSION = YES;
				CLANG_WARN_NON_LITERAL_NULL_CONVERSION = YES;
				CLANG_WARN_OBJC_IMPLICIT_RETAIN_SELF = YES;
				CLANG_WARN_OBJC_LITERAL_CONVERSION = YES;
				CLANG_WARN_OBJC_ROOT_CLASS = YES_ERROR;
				CLANG_WARN_RANGE_LOOP_ANALYSIS = YES;
				CLANG_WARN_STRICT_PROTOTYPES = YES;
				CLANG_WARN_SUSPICIOUS_MOVE = YES;
				CLANG_WARN_UNGUARDED_AVAILABILITY = YES_AGGRESSIVE;
				CLANG_WARN_UNREACHABLE_CODE = YES;
				CLANG_WARN__DUPLICATE_METHOD_MATCH = YES;
				COPY_PHASE_STRIP = NO;
				DEBUG_INFORMATION_FORMAT = "dwarf-with-dsym";
				ENABLE_NS_ASSERTIONS = NO;
				ENABLE_STRICT_OBJC_MSGSEND = YES;
				GCC_C_LANGUAGE_STANDARD = gnu11;
				GCC_NO_COMMON_BLOCKS = YES;
				GCC_WARN_64_TO_32_BIT_CONVERSION = YES;
				GCC_WARN_ABOUT_RETURN_TYPE = YES_ERROR;
				GCC_WARN_UNDECLARED_SELECTOR = YES;
				GCC_WARN_UNINITIALIZED_AUTOS = YES_AGGRESSIVE;
				GCC_WARN_UNUSED_FUNCTION = YES;
				GCC_WARN_UNUSED_VARIABLE = YES;
				IPHONEOS_DEPLOYMENT_TARGET = 13.2;
				MTL_ENABLE_DEBUG_INFO = NO;
				MTL_FAST_MATH = YES;
				SDKROOT = iphoneos;
				SWIFT_COMPILATION_MODE = wholemodule;
				SWIFT_OPTIMIZATION_LEVEL = "-O";
				VALIDATE_PRODUCT = YES;
			};
			name = Release;
		};
		BE540FD529EE9FD4002D7495 /* Debug */ = {
			isa = XCBuildConfiguration;
			buildSettings = {
				ASSETCATALOG_COMPILER_APPICON_NAME = AppIcon;
				CODE_SIGN_STYLE = Automatic;
				INFOPLIST_FILE = "Challenge 1 revision/Info.plist";
				LD_RUNPATH_SEARCH_PATHS = (
					"$(inherited)",
					"@executable_path/Frameworks",
				);
				PRODUCT_BUNDLE_IDENTIFIER = "com.example.Challenge-1-revision";
				PRODUCT_NAME = "$(TARGET_NAME)";
				SWIFT_VERSION = 5.0;
				TARGETED_DEVICE_FAMILY = "1,2";
			};
			name = Debug;
		};
		BE540FD629EE9FD4002D7495 /* Release */ = {
			isa = XCBuildConfiguration;
			buildSettings = {
				ASSETCATALOG_COMPILER_APPICON_NAME = AppIcon;
				CODE_SIGN_STYLE = Automatic;
				INFOPLIST_FILE = "Challenge 1 revision/Info.plist";
				LD_RUNPATH_SEARCH_PATHS = (
					"$(inherited)",
					"@executable_path/Frameworks",
				);
				PRODUCT_BUNDLE_IDENTIFIER = "com.example.Challenge-1-revision";
				PRODUCT_NAME = "$(TARGET_NAME)";
				SWIFT_VERSION = 5.0;
				TARGETED_DEVICE_FAMILY = "1,2";
			};
			name = Release;
		};
/* End XCBuildConfiguration section */

/* Begin XCConfigurationList section */
		BE540FBB29EE9FD1002D7495 /* Build configuration list for PBXProject "Challenge 1 revision" */ = {
			isa = XCConfigurationList;
			buildConfigurations = (
				BE540FD229EE9FD4002D7495 /* Debug */,
				BE540FD329EE9FD4002D7495 /* Release */,
			);
			defaultConfigurationIsVisible = 0;
			defaultConfigurationName = Release;
		};
		BE540FD429EE9FD4002D7495 /* Build configuration list for PBXNativeTarget "Challenge 1 revision" */ = {
			isa = XCConfigurationList;
			buildConfigurations = (
				BE540FD529EE9FD4002D7495 /* Debug */,
				BE540FD629EE9FD4002D7495 /* Release */,
			);
			defaultConfigurationIsVisible = 0;
			defaultConfigurationName = Release;
		};
/* End XCConfigurationList section */
	};
	rootObject = BE540FB829EE9FD1002D7495 /* Project object */;
}
